
Microsoft Visual Studio Solution File, Format Version 12.00
# Visual Studio Version 17
VisualStudioVersion = 17.3.32819.101
MinimumVisualStudioVersion = 10.0.40219.1
Project("{FAE04EC0-301F-11D3-BF4B-00C04F79EFBC}") = "SudokuSolver", "SudokuSolver\SudokuSolver.csproj", "{0888A831-600A-4B50-A675-74F85B6BA0CA}"
EndProject
Global
	GlobalSection(SolutionConfigurationPlatforms) = preSolution
		Debug|Any CPU = Debug|Any CPU
		Release|Any CPU = Release|Any CPU
	EndGlobalSection
	GlobalSection(ProjectConfigurationPlatforms) = postSolution
		{0888A831-600A-4B50-A675-74F85B6BA0CA}.Debug|Any CPU.ActiveCfg = Debug|Any CPU
		{0888A831-600A-4B50-A675-74F85B6BA0CA}.Debug|Any CPU.Build.0 = Debug|Any CPU
		{0888A831-600A-4B50-A675-74F85B6BA0CA}.Release|Any CPU.ActiveCfg = Release|Any CPU
		{0888A831-600A-4B50-A675-74F85B6BA0CA}.Release|Any CPU.Build.0 = Release|Any CPU
	EndGlobalSection
	GlobalSection(SolutionProperties) = preSolution
		HideSolutionNode = FALSE
	EndGlobalSection
	GlobalSection(ExtensibilityGlobals) = postSolution
		SolutionGuid = {6F945315-B26A-4CBD-8B1C-BDE64DDC33DB}
	EndGlobalSection
EndGlobal
